
Microsoft Visual Studio Solution File, Format Version 12.00
# Visual Studio Version 16
VisualStudioVersion = 16.0.31424.327
MinimumVisualStudioVersion = 10.0.40219.1
Project("{8BC9CEB8-8B4A-11D0-8D11-00A0C91BC942}") = "SuperPriv", "SuperPriv\SuperPriv.vcxproj", "{B1786B91-DFA1-4662-9793-8D2E4906D934}"
EndProject
Global
	GlobalSection(SolutionConfigurationPlatforms) = preSolution
		Debug|x64 = Debug|x64
		Debug|x86 = Debug|x86
		Release|x64 = Release|x64
		Release|x86 = Release|x86
	EndGlobalSection
	GlobalSection(ProjectConfigurationPlatforms) = postSolution
		{B1786B91-DFA1-4662-9793-8D2E4906D934}.Debug|x64.ActiveCfg = Debug|x64
		{B1786B91-DFA1-4662-9793-8D2E4906D934}.Debug|x64.Build.0 = Debug|x64
		{B1786B91-DFA1-4662-9793-8D2E4906D934}.Debug|x86.ActiveCfg = Debug|Win32
		{B1786B91-DFA1-4662-9793-8D2E4906D934}.Debug|x86.Build.0 = Debug|Win32
		{B1786B91-DFA1-4662-9793-8D2E4906D934}.Release|x64.ActiveCfg = Release|x64
		{B1786B91-DFA1-4662-9793-8D2E4906D934}.Release|x64.Build.0 = Release|x64
		{B1786B91-DFA1-4662-9793-8D2E4906D934}.Release|x86.ActiveCfg = Release|Win32
		{B1786B91-DFA1-4662-9793-8D2E4906D934}.Release|x86.Build.0 = Release|Win32
	EndGlobalSection
	GlobalSection(SolutionProperties) = preSolution
		HideSolutionNode = FALSE
	EndGlobalSection
	GlobalSection(ExtensibilityGlobals) = postSolution
		SolutionGuid = {03074683-3B54-48A2-AAED-1AB5E845FB2D}
	EndGlobalSection
EndGlobal
